
Microsoft Visual Studio Solution File, Format Version 12.00
Project("{FAE04EC0-301F-11D3-BF4B-00C04F79EFBC}") = "RomanNumeralService", "RomanNumeralService\RomanNumeralService.csproj", "{369A8B13-F2A4-4916-B7DD-FDB064C73CDF}"
EndProject
Project("{FAE04EC0-301F-11D3-BF4B-00C04F79EFBC}") = "RomanNumeralServiceUnitTests", "RomanNumeralServiceUnitTests\RomanNumeralServiceUnitTests.csproj", "{74DA063B-5F0B-427C-81E5-E5E972F8B696}"
EndProject
Global
	GlobalSection(SolutionConfigurationPlatforms) = preSolution
		Debug|Any CPU = Debug|Any CPU
		Release|Any CPU = Release|Any CPU
	EndGlobalSection
	GlobalSection(ProjectConfigurationPlatforms) = postSolution
		{369A8B13-F2A4-4916-B7DD-FDB064C73CDF}.Debug|Any CPU.ActiveCfg = Debug|Any CPU
		{369A8B13-F2A4-4916-B7DD-FDB064C73CDF}.Debug|Any CPU.Build.0 = Debug|Any CPU
		{369A8B13-F2A4-4916-B7DD-FDB064C73CDF}.Release|Any CPU.ActiveCfg = Release|Any CPU
		{369A8B13-F2A4-4916-B7DD-FDB064C73CDF}.Release|Any CPU.Build.0 = Release|Any CPU
		{74DA063B-5F0B-427C-81E5-E5E972F8B696}.Debug|Any CPU.ActiveCfg = Debug|Any CPU
		{74DA063B-5F0B-427C-81E5-E5E972F8B696}.Debug|Any CPU.Build.0 = Debug|Any CPU
		{74DA063B-5F0B-427C-81E5-E5E972F8B696}.Release|Any CPU.ActiveCfg = Release|Any CPU
		{74DA063B-5F0B-427C-81E5-E5E972F8B696}.Release|Any CPU.Build.0 = Release|Any CPU
	EndGlobalSection
EndGlobal
